
Microsoft Visual Studio Solution File, Format Version 12.00
# Visual Studio Version 16
VisualStudioVersion = 16.0.30517.126
MinimumVisualStudioVersion = 10.0.40219.1
Project("{FAE04EC0-301F-11D3-BF4B-00C04F79EFBC}") = "SIT_ReplaceChar", "SIT_ReplaceChar\SIT_ReplaceChar.csproj", "{9A0CB48B-AFF4-495F-808A-2A477B9BFFE5}"
EndProject
Global
	GlobalSection(SolutionConfigurationPlatforms) = preSolution
		Debug|Any CPU = Debug|Any CPU
		Release|Any CPU = Release|Any CPU
	EndGlobalSection
	GlobalSection(ProjectConfigurationPlatforms) = postSolution
		{9A0CB48B-AFF4-495F-808A-2A477B9BFFE5}.Debug|Any CPU.ActiveCfg = Debug|Any CPU
		{9A0CB48B-AFF4-495F-808A-2A477B9BFFE5}.Debug|Any CPU.Build.0 = Debug|Any CPU
		{9A0CB48B-AFF4-495F-808A-2A477B9BFFE5}.Release|Any CPU.ActiveCfg = Release|Any CPU
		{9A0CB48B-AFF4-495F-808A-2A477B9BFFE5}.Release|Any CPU.Build.0 = Release|Any CPU
	EndGlobalSection
	GlobalSection(SolutionProperties) = preSolution
		HideSolutionNode = FALSE
	EndGlobalSection
	GlobalSection(ExtensibilityGlobals) = postSolution
		SolutionGuid = {B8424784-BF98-4C80-A636-D3FB1D65D265}
	EndGlobalSection
EndGlobal
